// !$*UTF8*$!
{
	archiveVersion = 1;
	classes = {
	};
	objectVersion = 50;
	objects = {

/* Begin PBXBuildFile section */
		97A6DE24251A658800F3BFC7 /* AppDelegate.swift in Sources */ = {isa = PBXBuildFile; fileRef = 97A6DE23251A658800F3BFC7 /* AppDelegate.swift */; };
		97A6DE26251A658800F3BFC7 /* SceneDelegate.swift in Sources */ = {isa = PBXBuildFile; fileRef = 97A6DE25251A658800F3BFC7 /* SceneDelegate.swift */; };
		97A6DE2D251A658800F3BFC7 /* Assets.xcassets in Resources */ = {isa = PBXBuildFile; fileRef = 97A6DE2C251A658800F3BFC7 /* Assets.xcassets */; };
		97A6DE30251A658800F3BFC7 /* LaunchScreen.storyboard in Resources */ = {isa = PBXBuildFile; fileRef = 97A6DE2E251A658800F3BFC7 /* LaunchScreen.storyboard */; };
		97A6DE3B251A658800F3BFC7 /* MVVMCTests.swift in Sources */ = {isa = PBXBuildFile; fileRef = 97A6DE3A251A658800F3BFC7 /* MVVMCTests.swift */; };
		97A6DE46251A658800F3BFC7 /* MVVMCUITests.swift in Sources */ = {isa = PBXBuildFile; fileRef = 97A6DE45251A658800F3BFC7 /* MVVMCUITests.swift */; };
		97A6DE5F251A68C600F3BFC7 /* MenuCollectionViewController.swift in Sources */ = {isa = PBXBuildFile; fileRef = 97A6DE5E251A68C600F3BFC7 /* MenuCollectionViewController.swift */; };
		97A6DE67251A6A5D00F3BFC7 /* MenuViewModel.swift in Sources */ = {isa = PBXBuildFile; fileRef = 97A6DE66251A6A5D00F3BFC7 /* MenuViewModel.swift */; };
		97A6DE6F251A6B9400F3BFC7 /* MenuResultsController.swift in Sources */ = {isa = PBXBuildFile; fileRef = 97A6DE6E251A6B9400F3BFC7 /* MenuResultsController.swift */; };
/* End PBXBuildFile section */

/* Begin PBXContainerItemProxy section */
		97A6DE37251A658800F3BFC7 /* PBXContainerItemProxy */ = {
			isa = PBXContainerItemProxy;
			containerPortal = 97A6DE18251A658700F3BFC7 /* Project object */;
			proxyType = 1;
			remoteGlobalIDString = 97A6DE1F251A658800F3BFC7;
			remoteInfo = MVVMC;
		};
		97A6DE42251A658800F3BFC7 /* PBXContainerItemProxy */ = {
			isa = PBXContainerItemProxy;
			containerPortal = 97A6DE18251A658700F3BFC7 /* Project object */;
			proxyType = 1;
			remoteGlobalIDString = 97A6DE1F251A658800F3BFC7;
			remoteInfo = MVVMC;
		};
/* End PBXContainerItemProxy section */

/* Begin PBXFileReference section */
		97A6DE20251A658800F3BFC7 /* MVVMC.app */ = {isa = PBXFileReference; explicitFileType = wrapper.application; includeInIndex = 0; path = MVVMC.app; sourceTree = BUILT_PRODUCTS_DIR; };
		97A6DE23251A658800F3BFC7 /* AppDelegate.swift */ = {isa = PBXFileReference; lastKnownFileType = sourcecode.swift; path = AppDelegate.swift; sourceTree = "<group>"; };
		97A6DE25251A658800F3BFC7 /* SceneDelegate.swift */ = {isa = PBXFileReference; lastKnownFileType = sourcecode.swift; path = SceneDelegate.swift; sourceTree = "<group>"; };
		97A6DE2C251A658800F3BFC7 /* Assets.xcassets */ = {isa = PBXFileReference; lastKnownFileType = folder.assetcatalog; path = Assets.xcassets; sourceTree = "<group>"; };
		97A6DE2F251A658800F3BFC7 /* Base */ = {isa = PBXFileReference; lastKnownFileType = file.storyboard; name = Base; path = Base.lproj/LaunchScreen.storyboard; sourceTree = "<group>"; };
		97A6DE31251A658800F3BFC7 /* Info.plist */ = {isa = PBXFileReference; lastKnownFileType = text.plist.xml; path = Info.plist; sourceTree = "<group>"; };
		97A6DE36251A658800F3BFC7 /* MVVMCTests.xctest */ = {isa = PBXFileReference; explicitFileType = wrapper.cfbundle; includeInIndex = 0; path = MVVMCTests.xctest; sourceTree = BUILT_PRODUCTS_DIR; };
		97A6DE3A251A658800F3BFC7 /* MVVMCTests.swift */ = {isa = PBXFileReference; lastKnownFileType = sourcecode.swift; path = MVVMCTests.swift; sourceTree = "<group>"; };
		97A6DE3C251A658800F3BFC7 /* Info.plist */ = {isa = PBXFileReference; lastKnownFileType = text.plist.xml; path = Info.plist; sourceTree = "<group>"; };
		97A6DE41251A658800F3BFC7 /* MVVMCUITests.xctest */ = {isa = PBXFileReference; explicitFileType = wrapper.cfbundle; includeInIndex = 0; path = MVVMCUITests.xctest; sourceTree = BUILT_PRODUCTS_DIR; };
		97A6DE45251A658800F3BFC7 /* MVVMCUITests.swift */ = {isa = PBXFileReference; lastKnownFileType = sourcecode.swift; path = MVVMCUITests.swift; sourceTree = "<group>"; };
		97A6DE47251A658800F3BFC7 /* Info.plist */ = {isa = PBXFileReference; lastKnownFileType = text.plist.xml; path = Info.plist; sourceTree = "<group>"; };
		97A6DE5E251A68C600F3BFC7 /* MenuCollectionViewController.swift */ = {isa = PBXFileReference; lastKnownFileType = sourcecode.swift; path = MenuCollectionViewController.swift; sourceTree = "<group>"; };
		97A6DE66251A6A5D00F3BFC7 /* MenuViewModel.swift */ = {isa = PBXFileReference; lastKnownFileType = sourcecode.swift; path = MenuViewModel.swift; sourceTree = "<group>"; };
		97A6DE6E251A6B9400F3BFC7 /* MenuResultsController.swift */ = {isa = PBXFileReference; lastKnownFileType = sourcecode.swift; path = MenuResultsController.swift; sourceTree = "<group>"; };
/* End PBXFileReference section */

/* Begin PBXFrameworksBuildPhase section */
		97A6DE1D251A658800F3BFC7 /* Frameworks */ = {
			isa = PBXFrameworksBuildPhase;
			buildActionMask = 2147483647;
			files = (
			);
			runOnlyForDeploymentPostprocessing = 0;
		};
		97A6DE33251A658800F3BFC7 /* Frameworks */ = {
			isa = PBXFrameworksBuildPhase;
			buildActionMask = 2147483647;
			files = (
			);
			runOnlyForDeploymentPostprocessing = 0;
		};
		97A6DE3E251A658800F3BFC7 /* Frameworks */ = {
			isa = PBXFrameworksBuildPhase;
			buildActionMask = 2147483647;
			files = (
			);
			runOnlyForDeploymentPostprocessing = 0;
		};
/* End PBXFrameworksBuildPhase section */

/* Begin PBXGroup section */
		97A6DE17251A658700F3BFC7 = {
			isa = PBXGroup;
			children = (
				97A6DE22251A658800F3BFC7 /* MVVMC */,
				97A6DE39251A658800F3BFC7 /* MVVMCTests */,
				97A6DE44251A658800F3BFC7 /* MVVMCUITests */,
				97A6DE21251A658800F3BFC7 /* Products */,
			);
			sourceTree = "<group>";
		};
		97A6DE21251A658800F3BFC7 /* Products */ = {
			isa = PBXGroup;
			children = (
				97A6DE20251A658800F3BFC7 /* MVVMC.app */,
				97A6DE36251A658800F3BFC7 /* MVVMCTests.xctest */,
				97A6DE41251A658800F3BFC7 /* MVVMCUITests.xctest */,
			);
			name = Products;
			sourceTree = "<group>";
		};
		97A6DE22251A658800F3BFC7 /* MVVMC */ = {
			isa = PBXGroup;
			children = (
				97A6DE23251A658800F3BFC7 /* AppDelegate.swift */,
				97A6DE25251A658800F3BFC7 /* SceneDelegate.swift */,
				97A6DE5D251A68A400F3BFC7 /* MenuView */,
				97A6DE2C251A658800F3BFC7 /* Assets.xcassets */,
				97A6DE2E251A658800F3BFC7 /* LaunchScreen.storyboard */,
				97A6DE31251A658800F3BFC7 /* Info.plist */,
			);
			path = MVVMC;
			sourceTree = "<group>";
		};
		97A6DE39251A658800F3BFC7 /* MVVMCTests */ = {
			isa = PBXGroup;
			children = (
				97A6DE3A251A658800F3BFC7 /* MVVMCTests.swift */,
				97A6DE3C251A658800F3BFC7 /* Info.plist */,
			);
			path = MVVMCTests;
			sourceTree = "<group>";
		};
		97A6DE44251A658800F3BFC7 /* MVVMCUITests */ = {
			isa = PBXGroup;
			children = (
				97A6DE45251A658800F3BFC7 /* MVVMCUITests.swift */,
				97A6DE47251A658800F3BFC7 /* Info.plist */,
			);
			path = MVVMCUITests;
			sourceTree = "<group>";
		};
		97A6DE5D251A68A400F3BFC7 /* MenuView */ = {
			isa = PBXGroup;
			children = (
				97A6DE66251A6A5D00F3BFC7 /* MenuViewModel.swift */,
				97A6DE6E251A6B9400F3BFC7 /* MenuResultsController.swift */,
				97A6DE5E251A68C600F3BFC7 /* MenuCollectionViewController.swift */,
			);
			path = MenuView;
			sourceTree = "<group>";
		};
/* End PBXGroup section */

/* Begin PBXNativeTarget section */
		97A6DE1F251A658800F3BFC7 /* MVVMC */ = {
			isa = PBXNativeTarget;
			buildConfigurationList = 97A6DE4A251A658800F3BFC7 /* Build configuration list for PBXNativeTarget "MVVMC" */;
			buildPhases = (
				97A6DE1C251A658800F3BFC7 /* Sources */,
				97A6DE1D251A658800F3BFC7 /* Frameworks */,
				97A6DE1E251A658800F3BFC7 /* Resources */,
				97A6DE56251A662400F3BFC7 /* ShellScript */,
			);
			buildRules = (
			);
			dependencies = (
			);
			name = MVVMC;
			productName = MVVMC;
			productReference = 97A6DE20251A658800F3BFC7 /* MVVMC.app */;
			productType = "com.apple.product-type.application";
		};
		97A6DE35251A658800F3BFC7 /* MVVMCTests */ = {
			isa = PBXNativeTarget;
			buildConfigurationList = 97A6DE4D251A658800F3BFC7 /* Build configuration list for PBXNativeTarget "MVVMCTests" */;
			buildPhases = (
				97A6DE32251A658800F3BFC7 /* Sources */,
				97A6DE33251A658800F3BFC7 /* Frameworks */,
				97A6DE34251A658800F3BFC7 /* Resources */,
			);
			buildRules = (
			);
			dependencies = (
				97A6DE38251A658800F3BFC7 /* PBXTargetDependency */,
			);
			name = MVVMCTests;
			productName = MVVMCTests;
			productReference = 97A6DE36251A658800F3BFC7 /* MVVMCTests.xctest */;
			productType = "com.apple.product-type.bundle.unit-test";
		};
		97A6DE40251A658800F3BFC7 /* MVVMCUITests */ = {
			isa = PBXNativeTarget;
			buildConfigurationList = 97A6DE50251A658800F3BFC7 /* Build configuration list for PBXNativeTarget "MVVMCUITests" */;
			buildPhases = (
				97A6DE3D251A658800F3BFC7 /* Sources */,
				97A6DE3E251A658800F3BFC7 /* Frameworks */,
				97A6DE3F251A658800F3BFC7 /* Resources */,
			);
			buildRules = (
			);
			dependencies = (
				97A6DE43251A658800F3BFC7 /* PBXTargetDependency */,
			);
			name = MVVMCUITests;
			productName = MVVMCUITests;
			productReference = 97A6DE41251A658800F3BFC7 /* MVVMCUITests.xctest */;
			productType = "com.apple.product-type.bundle.ui-testing";
		};
/* End PBXNativeTarget section */

/* Begin PBXProject section */
		97A6DE18251A658700F3BFC7 /* Project object */ = {
			isa = PBXProject;
			attributes = {
				LastSwiftUpdateCheck = 1200;
				LastUpgradeCheck = 1200;
				TargetAttributes = {
					97A6DE1F251A658800F3BFC7 = {
						CreatedOnToolsVersion = 12.0;
					};
					97A6DE35251A658800F3BFC7 = {
						CreatedOnToolsVersion = 12.0;
						TestTargetID = 97A6DE1F251A658800F3BFC7;
					};
					97A6DE40251A658800F3BFC7 = {
						CreatedOnToolsVersion = 12.0;
						TestTargetID = 97A6DE1F251A658800F3BFC7;
					};
				};
			};
			buildConfigurationList = 97A6DE1B251A658700F3BFC7 /* Build configuration list for PBXProject "MVVMC" */;
			compatibilityVersion = "Xcode 9.3";
			developmentRegion = en;
			hasScannedForEncodings = 0;
			knownRegions = (
				en,
				Base,
			);
			mainGroup = 97A6DE17251A658700F3BFC7;
			productRefGroup = 97A6DE21251A658800F3BFC7 /* Products */;
			projectDirPath = "";
			projectRoot = "";
			targets = (
				97A6DE1F251A658800F3BFC7 /* MVVMC */,
				97A6DE35251A658800F3BFC7 /* MVVMCTests */,
				97A6DE40251A658800F3BFC7 /* MVVMCUITests */,
			);
		};
/* End PBXProject section */

/* Begin PBXResourcesBuildPhase section */
		97A6DE1E251A658800F3BFC7 /* Resources */ = {
			isa = PBXResourcesBuildPhase;
			buildActionMask = 2147483647;
			files = (
				97A6DE30251A658800F3BFC7 /* LaunchScreen.storyboard in Resources */,
				97A6DE2D251A658800F3BFC7 /* Assets.xcassets in Resources */,
			);
			runOnlyForDeploymentPostprocessing = 0;
		};
		97A6DE34251A658800F3BFC7 /* Resources */ = {
			isa = PBXResourcesBuildPhase;
			buildActionMask = 2147483647;
			files = (
			);
			runOnlyForDeploymentPostprocessing = 0;
		};
		97A6DE3F251A658800F3BFC7 /* Resources */ = {
			isa = PBXResourcesBuildPhase;
			buildActionMask = 2147483647;
			files = (
			);
			runOnlyForDeploymentPostprocessing = 0;
		};
/* End PBXResourcesBuildPhase section */

/* Begin PBXShellScriptBuildPhase section */
		97A6DE56251A662400F3BFC7 /* ShellScript */ = {
			isa = PBXShellScriptBuildPhase;
			buildActionMask = 2147483647;
			files = (
			);
			inputFileListPaths = (
			);
			inputPaths = (
			);
			outputFileListPaths = (
			);
			outputPaths = (
			);
			runOnlyForDeploymentPostprocessing = 0;
			shellPath = /bin/sh;
			shellScript = "# Type a script or drag a script file from your workspace to insert its path.\nif which swiftlint >/dev/null; then\n  swiftlint\nelse\n  echo \"warning: SwiftLint not installed, download from https://github.com/realm/SwiftLint\"\nfi\n";
		};
/* End PBXShellScriptBuildPhase section */

/* Begin PBXSourcesBuildPhase section */
		97A6DE1C251A658800F3BFC7 /* Sources */ = {
			isa = PBXSourcesBuildPhase;
			buildActionMask = 2147483647;
			files = (
				97A6DE5F251A68C600F3BFC7 /* MenuCollectionViewController.swift in Sources */,
				97A6DE6F251A6B9400F3BFC7 /* MenuResultsController.swift in Sources */,
				97A6DE24251A658800F3BFC7 /* AppDelegate.swift in Sources */,
				97A6DE26251A658800F3BFC7 /* SceneDelegate.swift in Sources */,
				97A6DE67251A6A5D00F3BFC7 /* MenuViewModel.swift in Sources */,
			);
			runOnlyForDeploymentPostprocessing = 0;
		};
		97A6DE32251A658800F3BFC7 /* Sources */ = {
			isa = PBXSourcesBuildPhase;
			buildActionMask = 2147483647;
			files = (
				97A6DE3B251A658800F3BFC7 /* MVVMCTests.swift in Sources */,
			);
			runOnlyForDeploymentPostprocessing = 0;
		};
		97A6DE3D251A658800F3BFC7 /* Sources */ = {
			isa = PBXSourcesBuildPhase;
			buildActionMask = 2147483647;
			files = (
				97A6DE46251A658800F3BFC7 /* MVVMCUITests.swift in Sources */,
			);
			runOnlyForDeploymentPostprocessing = 0;
		};
/* End PBXSourcesBuildPhase section */

/* Begin PBXTargetDependency section */
		97A6DE38251A658800F3BFC7 /* PBXTargetDependency */ = {
			isa = PBXTargetDependency;
			target = 97A6DE1F251A658800F3BFC7 /* MVVMC */;
			targetProxy = 97A6DE37251A658800F3BFC7 /* PBXContainerItemProxy */;
		};
		97A6DE43251A658800F3BFC7 /* PBXTargetDependency */ = {
			isa = PBXTargetDependency;
			target = 97A6DE1F251A658800F3BFC7 /* MVVMC */;
			targetProxy = 97A6DE42251A658800F3BFC7 /* PBXContainerItemProxy */;
		};
/* End PBXTargetDependency section */

/* Begin PBXVariantGroup section */
		97A6DE2E251A658800F3BFC7 /* LaunchScreen.storyboard */ = {
			isa = PBXVariantGroup;
			children = (
				97A6DE2F251A658800F3BFC7 /* Base */,
			);
			name = LaunchScreen.storyboard;
			sourceTree = "<group>";
		};
/* End PBXVariantGroup section */

/* Begin XCBuildConfiguration section */
		97A6DE48251A658800F3BFC7 /* Debug */ = {
			isa = XCBuildConfiguration;
			buildSettings = {
				ALWAYS_SEARCH_USER_PATHS = NO;
				CLANG_ANALYZER_NONNULL = YES;
				CLANG_ANALYZER_NUMBER_OBJECT_CONVERSION = YES_AGGRESSIVE;
				CLANG_CXX_LANGUAGE_STANDARD = "gnu++14";
				CLANG_CXX_LIBRARY = "libc++";
				CLANG_ENABLE_MODULES = YES;
				CLANG_ENABLE_OBJC_ARC = YES;
				CLANG_ENABLE_OBJC_WEAK = YES;
				CLANG_WARN_BLOCK_CAPTURE_AUTORELEASING = YES;
				CLANG_WARN_BOOL_CONVERSION = YES;
				CLANG_WARN_COMMA = YES;
				CLANG_WARN_CONSTANT_CONVERSION = YES;
				CLANG_WARN_DEPRECATED_OBJC_IMPLEMENTATIONS = YES;
				CLANG_WARN_DIRECT_OBJC_ISA_USAGE = YES_ERROR;
				CLANG_WARN_DOCUMENTATION_COMMENTS = YES;
				CLANG_WARN_EMPTY_BODY = YES;
				CLANG_WARN_ENUM_CONVERSION = YES;
				CLANG_WARN_INFINITE_RECURSION = YES;
				CLANG_WARN_INT_CONVERSION = YES;
				CLANG_WARN_NON_LITERAL_NULL_CONVERSION = YES;
				CLANG_WARN_OBJC_IMPLICIT_RETAIN_SELF = YES;
				CLANG_WARN_OBJC_LITERAL_CONVERSION = YES;
				CLANG_WARN_OBJC_ROOT_CLASS = YES_ERROR;
				CLANG_WARN_QUOTED_INCLUDE_IN_FRAMEWORK_HEADER = YES;
				CLANG_WARN_RANGE_LOOP_ANALYSIS = YES;
				CLANG_WARN_STRICT_PROTOTYPES = YES;
				CLANG_WARN_SUSPICIOUS_MOVE = YES;
				CLANG_WARN_UNGUARDED_AVAILABILITY = YES_AGGRESSIVE;
				CLANG_WARN_UNREACHABLE_CODE = YES;
				CLANG_WARN__DUPLICATE_METHOD_MATCH = YES;
				COPY_PHASE_STRIP = NO;
				DEBUG_INFORMATION_FORMAT = dwarf;
				ENABLE_STRICT_OBJC_MSGSEND = YES;
				ENABLE_TESTABILITY = YES;
				GCC_C_LANGUAGE_STANDARD = gnu11;
				GCC_DYNAMIC_NO_PIC = NO;
				GCC_NO_COMMON_BLOCKS = YES;
				GCC_OPTIMIZATION_LEVEL = 0;
				GCC_PREPROCESSOR_DEFINITIONS = (
					"DEBUG=1",
					"$(inherited)",
				);
				GCC_WARN_64_TO_32_BIT_CONVERSION = YES;
				GCC_WARN_ABOUT_RETURN_TYPE = YES_ERROR;
				GCC_WARN_UNDECLARED_SELECTOR = YES;
				GCC_WARN_UNINITIALIZED_AUTOS = YES_AGGRESSIVE;
				GCC_WARN_UNUSED_FUNCTION = YES;
				GCC_WARN_UNUSED_VARIABLE = YES;
				IPHONEOS_DEPLOYMENT_TARGET = 14.0;
				MTL_ENABLE_DEBUG_INFO = INCLUDE_SOURCE;
				MTL_FAST_MATH = YES;
				ONLY_ACTIVE_ARCH = YES;
				SDKROOT = iphoneos;
				SWIFT_ACTIVE_COMPILATION_CONDITIONS = DEBUG;
				SWIFT_OPTIMIZATION_LEVEL = "-Onone";
			};
			name = Debug;
		};
		97A6DE49251A658800F3BFC7 /* Release */ = {
			isa = XCBuildConfiguration;
			buildSettings = {
				ALWAYS_SEARCH_USER_PATHS = NO;
				CLANG_ANALYZER_NONNULL = YES;
				CLANG_ANALYZER_NUMBER_OBJECT_CONVERSION = YES_AGGRESSIVE;
				CLANG_CXX_LANGUAGE_STANDARD = "gnu++14";
				CLANG_CXX_LIBRARY = "libc++";
				CLANG_ENABLE_MODULES = YES;
				CLANG_ENABLE_OBJC_ARC = YES;
				CLANG_ENABLE_OBJC_WEAK = YES;
				CLANG_WARN_BLOCK_CAPTURE_AUTORELEASING = YES;
				CLANG_WARN_BOOL_CONVERSION = YES;
				CLANG_WARN_COMMA = YES;
				CLANG_WARN_CONSTANT_CONVERSION = YES;
				CLANG_WARN_DEPRECATED_OBJC_IMPLEMENTATIONS = YES;
				CLANG_WARN_DIRECT_OBJC_ISA_USAGE = YES_ERROR;
				CLANG_WARN_DOCUMENTATION_COMMENTS = YES;
				CLANG_WARN_EMPTY_BODY = YES;
				CLANG_WARN_ENUM_CONVERSION = YES;
				CLANG_WARN_INFINITE_RECURSION = YES;
				CLANG_WARN_INT_CONVERSION = YES;
				CLANG_WARN_NON_LITERAL_NULL_CONVERSION = YES;
				CLANG_WARN_OBJC_IMPLICIT_RETAIN_SELF = YES;
				CLANG_WARN_OBJC_LITERAL_CONVERSION = YES;
				CLANG_WARN_OBJC_ROOT_CLASS = YES_ERROR;
				CLANG_WARN_QUOTED_INCLUDE_IN_FRAMEWORK_HEADER = YES;
				CLANG_WARN_RANGE_LOOP_ANALYSIS = YES;
				CLANG_WARN_STRICT_PROTOTYPES = YES;
				CLANG_WARN_SUSPICIOUS_MOVE = YES;
				CLANG_WARN_UNGUARDED_AVAILABILITY = YES_AGGRESSIVE;
				CLANG_WARN_UNREACHABLE_CODE = YES;
				CLANG_WARN__DUPLICATE_METHOD_MATCH = YES;
				COPY_PHASE_STRIP = NO;
				DEBUG_INFORMATION_FORMAT = "dwarf-with-dsym";
				ENABLE_NS_ASSERTIONS = NO;
				ENABLE_STRICT_OBJC_MSGSEND = YES;
				GCC_C_LANGUAGE_STANDARD = gnu11;
				GCC_NO_COMMON_BLOCKS = YES;
				GCC_WARN_64_TO_32_BIT_CONVERSION = YES;
				GCC_WARN_ABOUT_RETURN_TYPE = YES_ERROR;
				GCC_WARN_UNDECLARED_SELECTOR = YES;
				GCC_WARN_UNINITIALIZED_AUTOS = YES_AGGRESSIVE;
				GCC_WARN_UNUSED_FUNCTION = YES;
				GCC_WARN_UNUSED_VARIABLE = YES;
				IPHONEOS_DEPLOYMENT_TARGET = 14.0;
				MTL_ENABLE_DEBUG_INFO = NO;
				MTL_FAST_MATH = YES;
				SDKROOT = iphoneos;
				SWIFT_COMPILATION_MODE = wholemodule;
				SWIFT_OPTIMIZATION_LEVEL = "-O";
				VALIDATE_PRODUCT = YES;
			};
			name = Release;
		};
		97A6DE4B251A658800F3BFC7 /* Debug */ = {
			isa = XCBuildConfiguration;
			buildSettings = {
				ASSETCATALOG_COMPILER_APPICON_NAME = AppIcon;
				ASSETCATALOG_COMPILER_GLOBAL_ACCENT_COLOR_NAME = AccentColor;
				CODE_SIGN_STYLE = Automatic;
				DEVELOPMENT_TEAM = 6QS8GB87LY;
				INFOPLIST_FILE = MVVMC/Info.plist;
				LD_RUNPATH_SEARCH_PATHS = (
					"$(inherited)",
					"@executable_path/Frameworks",
				);
				PRODUCT_BUNDLE_IDENTIFIER = com.jaime.MVVMC;
				PRODUCT_NAME = "$(TARGET_NAME)";
				SWIFT_VERSION = 5.0;
				TARGETED_DEVICE_FAMILY = "1,2";
			};
			name = Debug;
		};
		97A6DE4C251A658800F3BFC7 /* Release */ = {
			isa = XCBuildConfiguration;
			buildSettings = {
				ASSETCATALOG_COMPILER_APPICON_NAME = AppIcon;
				ASSETCATALOG_COMPILER_GLOBAL_ACCENT_COLOR_NAME = AccentColor;
				CODE_SIGN_STYLE = Automatic;
				DEVELOPMENT_TEAM = 6QS8GB87LY;
				INFOPLIST_FILE = MVVMC/Info.plist;
				LD_RUNPATH_SEARCH_PATHS = (
					"$(inherited)",
					"@executable_path/Frameworks",
				);
				PRODUCT_BUNDLE_IDENTIFIER = com.jaime.MVVMC;
				PRODUCT_NAME = "$(TARGET_NAME)";
				SWIFT_VERSION = 5.0;
				TARGETED_DEVICE_FAMILY = "1,2";
			};
			name = Release;
		};
		97A6DE4E251A658800F3BFC7 /* Debug */ = {
			isa = XCBuildConfiguration;
			buildSettings = {
				ALWAYS_EMBED_SWIFT_STANDARD_LIBRARIES = YES;
				BUNDLE_LOADER = "$(TEST_HOST)";
				CODE_SIGN_STYLE = Automatic;
				DEVELOPMENT_TEAM = 6QS8GB87LY;
				INFOPLIST_FILE = MVVMCTests/Info.plist;
				IPHONEOS_DEPLOYMENT_TARGET = 14.0;
				LD_RUNPATH_SEARCH_PATHS = (
					"$(inherited)",
					"@executable_path/Frameworks",
					"@loader_path/Frameworks",
				);
				PRODUCT_BUNDLE_IDENTIFIER = com.jaime.MVVMCTests;
				PRODUCT_NAME = "$(TARGET_NAME)";
				SWIFT_VERSION = 5.0;
				TARGETED_DEVICE_FAMILY = "1,2";
				TEST_HOST = "$(BUILT_PRODUCTS_DIR)/MVVMC.app/MVVMC";
			};
			name = Debug;
		};
		97A6DE4F251A658800F3BFC7 /* Release */ = {
			isa = XCBuildConfiguration;
			buildSettings = {
				ALWAYS_EMBED_SWIFT_STANDARD_LIBRARIES = YES;
				BUNDLE_LOADER = "$(TEST_HOST)";
				CODE_SIGN_STYLE = Automatic;
				DEVELOPMENT_TEAM = 6QS8GB87LY;
				INFOPLIST_FILE = MVVMCTests/Info.plist;
				IPHONEOS_DEPLOYMENT_TARGET = 14.0;
				LD_RUNPATH_SEARCH_PATHS = (
					"$(inherited)",
					"@executable_path/Frameworks",
					"@loader_path/Frameworks",
				);
				PRODUCT_BUNDLE_IDENTIFIER = com.jaime.MVVMCTests;
				PRODUCT_NAME = "$(TARGET_NAME)";
				SWIFT_VERSION = 5.0;
				TARGETED_DEVICE_FAMILY = "1,2";
				TEST_HOST = "$(BUILT_PRODUCTS_DIR)/MVVMC.app/MVVMC";
			};
			name = Release;
		};
		97A6DE51251A658800F3BFC7 /* Debug */ = {
			isa = XCBuildConfiguration;
			buildSettings = {
				ALWAYS_EMBED_SWIFT_STANDARD_LIBRARIES = YES;
				CODE_SIGN_STYLE = Automatic;
				DEVELOPMENT_TEAM = 6QS8GB87LY;
				INFOPLIST_FILE = MVVMCUITests/Info.plist;
				LD_RUNPATH_SEARCH_PATHS = (
					"$(inherited)",
					"@executable_path/Frameworks",
					"@loader_path/Frameworks",
				);
				PRODUCT_BUNDLE_IDENTIFIER = com.jaime.MVVMCUITests;
				PRODUCT_NAME = "$(TARGET_NAME)";
				SWIFT_VERSION = 5.0;
				TARGETED_DEVICE_FAMILY = "1,2";
				TEST_TARGET_NAME = MVVMC;
			};
			name = Debug;
		};
		97A6DE52251A658800F3BFC7 /* Release */ = {
			isa = XCBuildConfiguration;
			buildSettings = {
				ALWAYS_EMBED_SWIFT_STANDARD_LIBRARIES = YES;
				CODE_SIGN_STYLE = Automatic;
				DEVELOPMENT_TEAM = 6QS8GB87LY;
				INFOPLIST_FILE = MVVMCUITests/Info.plist;
				LD_RUNPATH_SEARCH_PATHS = (
					"$(inherited)",
					"@executable_path/Frameworks",
					"@loader_path/Frameworks",
				);
				PRODUCT_BUNDLE_IDENTIFIER = com.jaime.MVVMCUITests;
				PRODUCT_NAME = "$(TARGET_NAME)";
				SWIFT_VERSION = 5.0;
				TARGETED_DEVICE_FAMILY = "1,2";
				TEST_TARGET_NAME = MVVMC;
			};
			name = Release;
		};
/* End XCBuildConfiguration section */

/* Begin XCConfigurationList section */
		97A6DE1B251A658700F3BFC7 /* Build configuration list for PBXProject "MVVMC" */ = {
			isa = XCConfigurationList;
			buildConfigurations = (
				97A6DE48251A658800F3BFC7 /* Debug */,
				97A6DE49251A658800F3BFC7 /* Release */,
			);
			defaultConfigurationIsVisible = 0;
			defaultConfigurationName = Release;
		};
		97A6DE4A251A658800F3BFC7 /* Build configuration list for PBXNativeTarget "MVVMC" */ = {
			isa = XCConfigurationList;
			buildConfigurations = (
				97A6DE4B251A658800F3BFC7 /* Debug */,
				97A6DE4C251A658800F3BFC7 /* Release */,
			);
			defaultConfigurationIsVisible = 0;
			defaultConfigurationName = Release;
		};
		97A6DE4D251A658800F3BFC7 /* Build configuration list for PBXNativeTarget "MVVMCTests" */ = {
			isa = XCConfigurationList;
			buildConfigurations = (
				97A6DE4E251A658800F3BFC7 /* Debug */,
				97A6DE4F251A658800F3BFC7 /* Release */,
			);
			defaultConfigurationIsVisible = 0;
			defaultConfigurationName = Release;
		};
		97A6DE50251A658800F3BFC7 /* Build configuration list for PBXNativeTarget "MVVMCUITests" */ = {
			isa = XCConfigurationList;
			buildConfigurations = (
				97A6DE51251A658800F3BFC7 /* Debug */,
				97A6DE52251A658800F3BFC7 /* Release */,
			);
			defaultConfigurationIsVisible = 0;
			defaultConfigurationName = Release;
		};
/* End XCConfigurationList section */
	};
	rootObject = 97A6DE18251A658700F3BFC7 /* Project object */;
}
